
Microsoft Visual Studio Solution File, Format Version 12.00
# Visual Studio 14
VisualStudioVersion = 14.0.25123.0
MinimumVisualStudioVersion = 10.0.40219.1
Project("{FAE04EC0-301F-11D3-BF4B-00C04F79EFBC}") = "COMP2007-Lab4", "COMP2007-Lab4\COMP2007-Lab4.csproj", "{64F8934B-FAC6-45E0-9F2C-E25F221B0E29}"
EndProject
Project("{FAE04EC0-301F-11D3-BF4B-00C04F79EFBC}") = "COMP2007-Lab4.Tests", "COMP2007-Lab4.Tests\COMP2007-Lab4.Tests.csproj", "{6DD70C24-4D44-44FC-9B4A-71C48D13CCC5}"
EndProject
Global
	GlobalSection(SolutionConfigurationPlatforms) = preSolution
		Debug|Any CPU = Debug|Any CPU
		Release|Any CPU = Release|Any CPU
	EndGlobalSection
	GlobalSection(ProjectConfigurationPlatforms) = postSolution
		{64F8934B-FAC6-45E0-9F2C-E25F221B0E29}.Debug|Any CPU.ActiveCfg = Debug|Any CPU
		{64F8934B-FAC6-45E0-9F2C-E25F221B0E29}.Debug|Any CPU.Build.0 = Debug|Any CPU
		{64F8934B-FAC6-45E0-9F2C-E25F221B0E29}.Release|Any CPU.ActiveCfg = Release|Any CPU
		{64F8934B-FAC6-45E0-9F2C-E25F221B0E29}.Release|Any CPU.Build.0 = Release|Any CPU
		{6DD70C24-4D44-44FC-9B4A-71C48D13CCC5}.Debug|Any CPU.ActiveCfg = Debug|Any CPU
		{6DD70C24-4D44-44FC-9B4A-71C48D13CCC5}.Debug|Any CPU.Build.0 = Debug|Any CPU
		{6DD70C24-4D44-44FC-9B4A-71C48D13CCC5}.Release|Any CPU.ActiveCfg = Release|Any CPU
		{6DD70C24-4D44-44FC-9B4A-71C48D13CCC5}.Release|Any CPU.Build.0 = Release|Any CPU
	EndGlobalSection
	GlobalSection(SolutionProperties) = preSolution
		HideSolutionNode = FALSE
	EndGlobalSection
EndGlobal
